// !$*UTF8*$!
{
	archiveVersion = 1;
	classes = {
	};
	objectVersion = 46;
	objects = {

/* Begin PBXBuildFile section */
		37C19B581A94A6FF00639F85 /* Foundation.framework in Frameworks */ = {isa = PBXBuildFile; fileRef = 37C19B571A94A6FF00639F85 /* Foundation.framework */; };
		37C19B5A1A94A6FF00639F85 /* CoreGraphics.framework in Frameworks */ = {isa = PBXBuildFile; fileRef = 37C19B591A94A6FF00639F85 /* CoreGraphics.framework */; };
		37C19B5C1A94A6FF00639F85 /* UIKit.framework in Frameworks */ = {isa = PBXBuildFile; fileRef = 37C19B5B1A94A6FF00639F85 /* UIKit.framework */; };
		37C19B621A94A6FF00639F85 /* InfoPlist.strings in Resources */ = {isa = PBXBuildFile; fileRef = 37C19B601A94A6FF00639F85 /* InfoPlist.strings */; };
		37C19B641A94A6FF00639F85 /* main.m in Sources */ = {isa = PBXBuildFile; fileRef = 37C19B631A94A6FF00639F85 /* main.m */; };
		37C19B681A94A6FF00639F85 /* Programming_DemoAppDelegate.m in Sources */ = {isa = PBXBuildFile; fileRef = 37C19B671A94A6FF00639F85 /* Programming_DemoAppDelegate.m */; };
		37C19B6B1A94A6FF00639F85 /* Main.storyboard in Resources */ = {isa = PBXBuildFile; fileRef = 37C19B691A94A6FF00639F85 /* Main.storyboard */; };
		37C19B6E1A94A6FF00639F85 /* Programming_DemoViewController.m in Sources */ = {isa = PBXBuildFile; fileRef = 37C19B6D1A94A6FF00639F85 /* Programming_DemoViewController.m */; };
		37C19B701A94A6FF00639F85 /* Images.xcassets in Resources */ = {isa = PBXBuildFile; fileRef = 37C19B6F1A94A6FF00639F85 /* Images.xcassets */; };
		37C19B771A94A6FF00639F85 /* XCTest.framework in Frameworks */ = {isa = PBXBuildFile; fileRef = 37C19B761A94A6FF00639F85 /* XCTest.framework */; };
		37C19B781A94A6FF00639F85 /* Foundation.framework in Frameworks */ = {isa = PBXBuildFile; fileRef = 37C19B571A94A6FF00639F85 /* Foundation.framework */; };
		37C19B791A94A6FF00639F85 /* UIKit.framework in Frameworks */ = {isa = PBXBuildFile; fileRef = 37C19B5B1A94A6FF00639F85 /* UIKit.framework */; };
		37C19B811A94A6FF00639F85 /* InfoPlist.strings in Resources */ = {isa = PBXBuildFile; fileRef = 37C19B7F1A94A6FF00639F85 /* InfoPlist.strings */; };
		37C19B831A94A6FF00639F85 /* connection_tableviewTests.m in Sources */ = {isa = PBXBuildFile; fileRef = 37C19B821A94A6FF00639F85 /* connection_tableviewTests.m */; };
/* End PBXBuildFile section */

/* Begin PBXContainerItemProxy section */
		37C19B7A1A94A6FF00639F85 /* PBXContainerItemProxy */ = {
			isa = PBXContainerItemProxy;
			containerPortal = 37C19B4C1A94A6FF00639F85 /* Project object */;
			proxyType = 1;
			remoteGlobalIDString = 37C19B531A94A6FF00639F85;
			remoteInfo = connection_tableview;
		};
/* End PBXContainerItemProxy section */

/* Begin PBXFileReference section */
		37C19B541A94A6FF00639F85 /* connection_tableview.app */ = {isa = PBXFileReference; explicitFileType = wrapper.application; includeInIndex = 0; path = connection_tableview.app; sourceTree = BUILT_PRODUCTS_DIR; };
		37C19B571A94A6FF00639F85 /* Foundation.framework */ = {isa = PBXFileReference; lastKnownFileType = wrapper.framework; name = Foundation.framework; path = System/Library/Frameworks/Foundation.framework; sourceTree = SDKROOT; };
		37C19B591A94A6FF00639F85 /* CoreGraphics.framework */ = {isa = PBXFileReference; lastKnownFileType = wrapper.framework; name = CoreGraphics.framework; path = System/Library/Frameworks/CoreGraphics.framework; sourceTree = SDKROOT; };
		37C19B5B1A94A6FF00639F85 /* UIKit.framework */ = {isa = PBXFileReference; lastKnownFileType = wrapper.framework; name = UIKit.framework; path = System/Library/Frameworks/UIKit.framework; sourceTree = SDKROOT; };
		37C19B5F1A94A6FF00639F85 /* connection_tableview-Info.plist */ = {isa = PBXFileReference; lastKnownFileType = text.plist.xml; path = "connection_tableview-Info.plist"; sourceTree = "<group>"; };
		37C19B611A94A6FF00639F85 /* en */ = {isa = PBXFileReference; lastKnownFileType = text.plist.strings; name = en; path = en.lproj/InfoPlist.strings; sourceTree = "<group>"; };
		37C19B631A94A6FF00639F85 /* main.m */ = {isa = PBXFileReference; lastKnownFileType = sourcecode.c.objc; path = main.m; sourceTree = "<group>"; };
		37C19B651A94A6FF00639F85 /* connection_tableview-Prefix.pch */ = {isa = PBXFileReference; lastKnownFileType = sourcecode.c.h; path = "connection_tableview-Prefix.pch"; sourceTree = "<group>"; };
		37C19B661A94A6FF00639F85 /* Programming_DemoAppDelegate.h */ = {isa = PBXFileReference; lastKnownFileType = sourcecode.c.h; path = Programming_DemoAppDelegate.h; sourceTree = "<group>"; };
		37C19B671A94A6FF00639F85 /* Programming_DemoAppDelegate.m */ = {isa = PBXFileReference; lastKnownFileType = sourcecode.c.objc; path = Programming_DemoAppDelegate.m; sourceTree = "<group>"; };
		37C19B6A1A94A6FF00639F85 /* Base */ = {isa = PBXFileReference; lastKnownFileType = file.storyboard; name = Base; path = Base.lproj/Main.storyboard; sourceTree = "<group>"; };
		37C19B6C1A94A6FF00639F85 /* Programming_DemoViewController.h */ = {isa = PBXFileReference; lastKnownFileType = sourcecode.c.h; path = Programming_DemoViewController.h; sourceTree = "<group>"; };
		37C19B6D1A94A6FF00639F85 /* Programming_DemoViewController.m */ = {isa = PBXFileReference; lastKnownFileType = sourcecode.c.objc; path = Programming_DemoViewController.m; sourceTree = "<group>"; };
		37C19B6F1A94A6FF00639F85 /* Images.xcassets */ = {isa = PBXFileReference; lastKnownFileType = folder.assetcatalog; path = Images.xcassets; sourceTree = "<group>"; };
		37C19B751A94A6FF00639F85 /* connection_tableviewTests.xctest */ = {isa = PBXFileReference; explicitFileType = wrapper.cfbundle; includeInIndex = 0; path = connection_tableviewTests.xctest; sourceTree = BUILT_PRODUCTS_DIR; };
		37C19B761A94A6FF00639F85 /* XCTest.framework */ = {isa = PBXFileReference; lastKnownFileType = wrapper.framework; name = XCTest.framework; path = Library/Frameworks/XCTest.framework; sourceTree = DEVELOPER_DIR; };
		37C19B7E1A94A6FF00639F85 /* connection_tableviewTests-Info.plist */ = {isa = PBXFileReference; lastKnownFileType = text.plist.xml; path = "connection_tableviewTests-Info.plist"; sourceTree = "<group>"; };
		37C19B801A94A6FF00639F85 /* en */ = {isa = PBXFileReference; lastKnownFileType = text.plist.strings; name = en; path = en.lproj/InfoPlist.strings; sourceTree = "<group>"; };
		37C19B821A94A6FF00639F85 /* connection_tableviewTests.m */ = {isa = PBXFileReference; lastKnownFileType = sourcecode.c.objc; path = connection_tableviewTests.m; sourceTree = "<group>"; };
/* End PBXFileReference section */

/* Begin PBXFrameworksBuildPhase section */
		37C19B511A94A6FF00639F85 /* Frameworks */ = {
			isa = PBXFrameworksBuildPhase;
			buildActionMask = 2147483647;
			files = (
				37C19B5A1A94A6FF00639F85 /* CoreGraphics.framework in Frameworks */,
				37C19B5C1A94A6FF00639F85 /* UIKit.framework in Frameworks */,
				37C19B581A94A6FF00639F85 /* Foundation.framework in Frameworks */,
			);
			runOnlyForDeploymentPostprocessing = 0;
		};
		37C19B721A94A6FF00639F85 /* Frameworks */ = {
			isa = PBXFrameworksBuildPhase;
			buildActionMask = 2147483647;
			files = (
				37C19B771A94A6FF00639F85 /* XCTest.framework in Frameworks */,
				37C19B791A94A6FF00639F85 /* UIKit.framework in Frameworks */,
				37C19B781A94A6FF00639F85 /* Foundation.framework in Frameworks */,
			);
			runOnlyForDeploymentPostprocessing = 0;
		};
/* End PBXFrameworksBuildPhase section */

/* Begin PBXGroup section */
		37C19B4B1A94A6FF00639F85 = {
			isa = PBXGroup;
			children = (
				37C19B5D1A94A6FF00639F85 /* connection_tableview */,
				37C19B7C1A94A6FF00639F85 /* connection_tableviewTests */,
				37C19B561A94A6FF00639F85 /* Frameworks */,
				37C19B551A94A6FF00639F85 /* Products */,
			);
			sourceTree = "<group>";
		};
		37C19B551A94A6FF00639F85 /* Products */ = {
			isa = PBXGroup;
			children = (
				37C19B541A94A6FF00639F85 /* connection_tableview.app */,
				37C19B751A94A6FF00639F85 /* connection_tableviewTests.xctest */,
			);
			name = Products;
			sourceTree = "<group>";
		};
		37C19B561A94A6FF00639F85 /* Frameworks */ = {
			isa = PBXGroup;
			children = (
				37C19B571A94A6FF00639F85 /* Foundation.framework */,
				37C19B591A94A6FF00639F85 /* CoreGraphics.framework */,
				37C19B5B1A94A6FF00639F85 /* UIKit.framework */,
				37C19B761A94A6FF00639F85 /* XCTest.framework */,
			);
			name = Frameworks;
			sourceTree = "<group>";
		};
		37C19B5D1A94A6FF00639F85 /* connection_tableview */ = {
			isa = PBXGroup;
			children = (
				37C19B661A94A6FF00639F85 /* Programming_DemoAppDelegate.h */,
				37C19B671A94A6FF00639F85 /* Programming_DemoAppDelegate.m */,
				37C19B691A94A6FF00639F85 /* Main.storyboard */,
				37C19B6C1A94A6FF00639F85 /* Programming_DemoViewController.h */,
				37C19B6D1A94A6FF00639F85 /* Programming_DemoViewController.m */,
				37C19B6F1A94A6FF00639F85 /* Images.xcassets */,
				37C19B5E1A94A6FF00639F85 /* Supporting Files */,
			);
			path = connection_tableview;
			sourceTree = "<group>";
		};
		37C19B5E1A94A6FF00639F85 /* Supporting Files */ = {
			isa = PBXGroup;
			children = (
				37C19B5F1A94A6FF00639F85 /* connection_tableview-Info.plist */,
				37C19B601A94A6FF00639F85 /* InfoPlist.strings */,
				37C19B631A94A6FF00639F85 /* main.m */,
				37C19B651A94A6FF00639F85 /* connection_tableview-Prefix.pch */,
			);
			name = "Supporting Files";
			sourceTree = "<group>";
		};
		37C19B7C1A94A6FF00639F85 /* connection_tableviewTests */ = {
			isa = PBXGroup;
			children = (
				37C19B821A94A6FF00639F85 /* connection_tableviewTests.m */,
				37C19B7D1A94A6FF00639F85 /* Supporting Files */,
			);
			path = connection_tableviewTests;
			sourceTree = "<group>";
		};
		37C19B7D1A94A6FF00639F85 /* Supporting Files */ = {
			isa = PBXGroup;
			children = (
				37C19B7E1A94A6FF00639F85 /* connection_tableviewTests-Info.plist */,
				37C19B7F1A94A6FF00639F85 /* InfoPlist.strings */,
			);
			name = "Supporting Files";
			sourceTree = "<group>";
		};
/* End PBXGroup section */

/* Begin PBXNativeTarget section */
		37C19B531A94A6FF00639F85 /* connection_tableview */ = {
			isa = PBXNativeTarget;
			buildConfigurationList = 37C19B861A94A6FF00639F85 /* Build configuration list for PBXNativeTarget "connection_tableview" */;
			buildPhases = (
				37C19B501A94A6FF00639F85 /* Sources */,
				37C19B511A94A6FF00639F85 /* Frameworks */,
				37C19B521A94A6FF00639F85 /* Resources */,
			);
			buildRules = (
			);
			dependencies = (
			);
			name = connection_tableview;
			productName = connection_tableview;
			productReference = 37C19B541A94A6FF00639F85 /* connection_tableview.app */;
			productType = "com.apple.product-type.application";
		};
		37C19B741A94A6FF00639F85 /* connection_tableviewTests */ = {
			isa = PBXNativeTarget;
			buildConfigurationList = 37C19B891A94A6FF00639F85 /* Build configuration list for PBXNativeTarget "connection_tableviewTests" */;
			buildPhases = (
				37C19B711A94A6FF00639F85 /* Sources */,
				37C19B721A94A6FF00639F85 /* Frameworks */,
				37C19B731A94A6FF00639F85 /* Resources */,
			);
			buildRules = (
			);
			dependencies = (
				37C19B7B1A94A6FF00639F85 /* PBXTargetDependency */,
			);
			name = connection_tableviewTests;
			productName = connection_tableviewTests;
			productReference = 37C19B751A94A6FF00639F85 /* connection_tableviewTests.xctest */;
			productType = "com.apple.product-type.bundle.unit-test";
		};
/* End PBXNativeTarget section */

/* Begin PBXProject section */
		37C19B4C1A94A6FF00639F85 /* Project object */ = {
			isa = PBXProject;
			attributes = {
				CLASSPREFIX = "Programming Demo";
				LastUpgradeCheck = 0510;
				ORGANIZATIONNAME = Bets;
				TargetAttributes = {
					37C19B741A94A6FF00639F85 = {
						TestTargetID = 37C19B531A94A6FF00639F85;
					};
				};
			};
			buildConfigurationList = 37C19B4F1A94A6FF00639F85 /* Build configuration list for PBXProject "connection_tableview" */;
			compatibilityVersion = "Xcode 3.2";
			developmentRegion = English;
			hasScannedForEncodings = 0;
			knownRegions = (
				en,
				Base,
			);
			mainGroup = 37C19B4B1A94A6FF00639F85;
			productRefGroup = 37C19B551A94A6FF00639F85 /* Products */;
			projectDirPath = "";
			projectRoot = "";
			targets = (
				37C19B531A94A6FF00639F85 /* connection_tableview */,
				37C19B741A94A6FF00639F85 /* connection_tableviewTests */,
			);
		};
/* End PBXProject section */

/* Begin PBXResourcesBuildPhase section */
		37C19B521A94A6FF00639F85 /* Resources */ = {
			isa = PBXResourcesBuildPhase;
			buildActionMask = 2147483647;
			files = (
				37C19B701A94A6FF00639F85 /* Images.xcassets in Resources */,
				37C19B621A94A6FF00639F85 /* InfoPlist.strings in Resources */,
				37C19B6B1A94A6FF00639F85 /* Main.storyboard in Resources */,
			);
			runOnlyForDeploymentPostprocessing = 0;
		};
		37C19B731A94A6FF00639F85 /* Resources */ = {
			isa = PBXResourcesBuildPhase;
			buildActionMask = 2147483647;
			files = (
				37C19B811A94A6FF00639F85 /* InfoPlist.strings in Resources */,
			);
			runOnlyForDeploymentPostprocessing = 0;
		};
/* End PBXResourcesBuildPhase section */

/* Begin PBXSourcesBuildPhase section */
		37C19B501A94A6FF00639F85 /* Sources */ = {
			isa = PBXSourcesBuildPhase;
			buildActionMask = 2147483647;
			files = (
				37C19B641A94A6FF00639F85 /* main.m in Sources */,
				37C19B681A94A6FF00639F85 /* Programming_DemoAppDelegate.m in Sources */,
				37C19B6E1A94A6FF00639F85 /* Programming_DemoViewController.m in Sources */,
			);
			runOnlyForDeploymentPostprocessing = 0;
		};
		37C19B711A94A6FF00639F85 /* Sources */ = {
			isa = PBXSourcesBuildPhase;
			buildActionMask = 2147483647;
			files = (
				37C19B831A94A6FF00639F85 /* connection_tableviewTests.m in Sources */,
			);
			runOnlyForDeploymentPostprocessing = 0;
		};
/* End PBXSourcesBuildPhase section */

/* Begin PBXTargetDependency section */
		37C19B7B1A94A6FF00639F85 /* PBXTargetDependency */ = {
			isa = PBXTargetDependency;
			target = 37C19B531A94A6FF00639F85 /* connection_tableview */;
			targetProxy = 37C19B7A1A94A6FF00639F85 /* PBXContainerItemProxy */;
		};
/* End PBXTargetDependency section */

/* Begin PBXVariantGroup section */
		37C19B601A94A6FF00639F85 /* InfoPlist.strings */ = {
			isa = PBXVariantGroup;
			children = (
				37C19B611A94A6FF00639F85 /* en */,
			);
			name = InfoPlist.strings;
			sourceTree = "<group>";
		};
		37C19B691A94A6FF00639F85 /* Main.storyboard */ = {
			isa = PBXVariantGroup;
			children = (
				37C19B6A1A94A6FF00639F85 /* Base */,
			);
			name = Main.storyboard;
			sourceTree = "<group>";
		};
		37C19B7F1A94A6FF00639F85 /* InfoPlist.strings */ = {
			isa = PBXVariantGroup;
			children = (
				37C19B801A94A6FF00639F85 /* en */,
			);
			name = InfoPlist.strings;
			sourceTree = "<group>";
		};
/* End PBXVariantGroup section */

/* Begin XCBuildConfiguration section */
		37C19B841A94A6FF00639F85 /* Debug */ = {
			isa = XCBuildConfiguration;
			buildSettings = {
				ALWAYS_SEARCH_USER_PATHS = NO;
				CLANG_CXX_LANGUAGE_STANDARD = "gnu++0x";
				CLANG_CXX_LIBRARY = "libc++";
				CLANG_ENABLE_MODULES = YES;
				CLANG_ENABLE_OBJC_ARC = YES;
				CLANG_WARN_BOOL_CONVERSION = YES;
				CLANG_WARN_CONSTANT_CONVERSION = YES;
				CLANG_WARN_DIRECT_OBJC_ISA_USAGE = YES_ERROR;
				CLANG_WARN_EMPTY_BODY = YES;
				CLANG_WARN_ENUM_CONVERSION = YES;
				CLANG_WARN_INT_CONVERSION = YES;
				CLANG_WARN_OBJC_ROOT_CLASS = YES_ERROR;
				CLANG_WARN__DUPLICATE_METHOD_MATCH = YES;
				"CODE_SIGN_IDENTITY[sdk=iphoneos*]" = "iPhone Developer";
				COPY_PHASE_STRIP = NO;
				GCC_C_LANGUAGE_STANDARD = gnu99;
				GCC_DYNAMIC_NO_PIC = NO;
				GCC_OPTIMIZATION_LEVEL = 0;
				GCC_PREPROCESSOR_DEFINITIONS = (
					"DEBUG=1",
					"$(inherited)",
				);
				GCC_SYMBOLS_PRIVATE_EXTERN = NO;
				GCC_WARN_64_TO_32_BIT_CONVERSION = YES;
				GCC_WARN_ABOUT_RETURN_TYPE = YES_ERROR;
				GCC_WARN_UNDECLARED_SELECTOR = YES;
				GCC_WARN_UNINITIALIZED_AUTOS = YES_AGGRESSIVE;
				GCC_WARN_UNUSED_FUNCTION = YES;
				GCC_WARN_UNUSED_VARIABLE = YES;
				IPHONEOS_DEPLOYMENT_TARGET = 7.1;
				ONLY_ACTIVE_ARCH = YES;
				SDKROOT = iphoneos;
			};
			name = Debug;
		};
		37C19B851A94A6FF00639F85 /* Release */ = {
			isa = XCBuildConfiguration;
			buildSettings = {
				ALWAYS_SEARCH_USER_PATHS = NO;
				CLANG_CXX_LANGUAGE_STANDARD = "gnu++0x";
				CLANG_CXX_LIBRARY = "libc++";
				CLANG_ENABLE_MODULES = YES;
				CLANG_ENABLE_OBJC_ARC = YES;
				CLANG_WARN_BOOL_CONVERSION = YES;
				CLANG_WARN_CONSTANT_CONVERSION = YES;
				CLANG_WARN_DIRECT_OBJC_ISA_USAGE = YES_ERROR;
				CLANG_WARN_EMPTY_BODY = YES;
				CLANG_WARN_ENUM_CONVERSION = YES;
				CLANG_WARN_INT_CONVERSION = YES;
				CLANG_WARN_OBJC_ROOT_CLASS = YES_ERROR;
				CLANG_WARN__DUPLICATE_METHOD_MATCH = YES;
				"CODE_SIGN_IDENTITY[sdk=iphoneos*]" = "iPhone Developer";
				COPY_PHASE_STRIP = YES;
				ENABLE_NS_ASSERTIONS = NO;
				GCC_C_LANGUAGE_STANDARD = gnu99;
				GCC_WARN_64_TO_32_BIT_CONVERSION = YES;
				GCC_WARN_ABOUT_RETURN_TYPE = YES_ERROR;
				GCC_WARN_UNDECLARED_SELECTOR = YES;
				GCC_WARN_UNINITIALIZED_AUTOS = YES_AGGRESSIVE;
				GCC_WARN_UNUSED_FUNCTION = YES;
				GCC_WARN_UNUSED_VARIABLE = YES;
				IPHONEOS_DEPLOYMENT_TARGET = 7.1;
				SDKROOT = iphoneos;
				VALIDATE_PRODUCT = YES;
			};
			name = Release;
		};
		37C19B871A94A6FF00639F85 /* Debug */ = {
			isa = XCBuildConfiguration;
			buildSettings = {
				ASSETCATALOG_COMPILER_APPICON_NAME = AppIcon;
				ASSETCATALOG_COMPILER_LAUNCHIMAGE_NAME = LaunchImage;
				GCC_PRECOMPILE_PREFIX_HEADER = YES;
				GCC_PREFIX_HEADER = "connection_tableview/connection_tableview-Prefix.pch";
				INFOPLIST_FILE = "connection_tableview/connection_tableview-Info.plist";
				PRODUCT_NAME = "$(TARGET_NAME)";
				WRAPPER_EXTENSION = app;
			};
			name = Debug;
		};
		37C19B881A94A6FF00639F85 /* Release */ = {
			isa = XCBuildConfiguration;
			buildSettings = {
				ASSETCATALOG_COMPILER_APPICON_NAME = AppIcon;
				ASSETCATALOG_COMPILER_LAUNCHIMAGE_NAME = LaunchImage;
				GCC_PRECOMPILE_PREFIX_HEADER = YES;
				GCC_PREFIX_HEADER = "connection_tableview/connection_tableview-Prefix.pch";
				INFOPLIST_FILE = "connection_tableview/connection_tableview-Info.plist";
				PRODUCT_NAME = "$(TARGET_NAME)";
				WRAPPER_EXTENSION = app;
			};
			name = Release;
		};
		37C19B8A1A94A6FF00639F85 /* Debug */ = {
			isa = XCBuildConfiguration;
			buildSettings = {
				BUNDLE_LOADER = "$(BUILT_PRODUCTS_DIR)/connection_tableview.app/connection_tableview";
				FRAMEWORK_SEARCH_PATHS = (
					"$(SDKROOT)/Developer/Library/Frameworks",
					"$(inherited)",
					"$(DEVELOPER_FRAMEWORKS_DIR)",
				);
				GCC_PRECOMPILE_PREFIX_HEADER = YES;
				GCC_PREFIX_HEADER = "connection_tableview/connection_tableview-Prefix.pch";
				GCC_PREPROCESSOR_DEFINITIONS = (
					"DEBUG=1",
					"$(inherited)",
				);
				INFOPLIST_FILE = "connection_tableviewTests/connection_tableviewTests-Info.plist";
				PRODUCT_NAME = "$(TARGET_NAME)";
				TEST_HOST = "$(BUNDLE_LOADER)";
				WRAPPER_EXTENSION = xctest;
			};
			name = Debug;
		};
		37C19B8B1A94A6FF00639F85 /* Release */ = {
			isa = XCBuildConfiguration;
			buildSettings = {
				BUNDLE_LOADER = "$(BUILT_PRODUCTS_DIR)/connection_tableview.app/connection_tableview";
				FRAMEWORK_SEARCH_PATHS = (
					"$(SDKROOT)/Developer/Library/Frameworks",
					"$(inherited)",
					"$(DEVELOPER_FRAMEWORKS_DIR)",
				);
				GCC_PRECOMPILE_PREFIX_HEADER = YES;
				GCC_PREFIX_HEADER = "connection_tableview/connection_tableview-Prefix.pch";
				INFOPLIST_FILE = "connection_tableviewTests/connection_tableviewTests-Info.plist";
				PRODUCT_NAME = "$(TARGET_NAME)";
				TEST_HOST = "$(BUNDLE_LOADER)";
				WRAPPER_EXTENSION = xctest;
			};
			name = Release;
		};
/* End XCBuildConfiguration section */

/* Begin XCConfigurationList section */
		37C19B4F1A94A6FF00639F85 /* Build configuration list for PBXProject "connection_tableview" */ = {
			isa = XCConfigurationList;
			buildConfigurations = (
				37C19B841A94A6FF00639F85 /* Debug */,
				37C19B851A94A6FF00639F85 /* Release */,
			);
			defaultConfigurationIsVisible = 0;
			defaultConfigurationName = Release;
		};
		37C19B861A94A6FF00639F85 /* Build configuration list for PBXNativeTarget "connection_tableview" */ = {
			isa = XCConfigurationList;
			buildConfigurations = (
				37C19B871A94A6FF00639F85 /* Debug */,
				37C19B881A94A6FF00639F85 /* Release */,
			);
			defaultConfigurationIsVisible = 0;
		};
		37C19B891A94A6FF00639F85 /* Build configuration list for PBXNativeTarget "connection_tableviewTests" */ = {
			isa = XCConfigurationList;
			buildConfigurations = (
				37C19B8A1A94A6FF00639F85 /* Debug */,
				37C19B8B1A94A6FF00639F85 /* Release */,
			);
			defaultConfigurationIsVisible = 0;
		};
/* End XCConfigurationList section */
	};
	rootObject = 37C19B4C1A94A6FF00639F85 /* Project object */;
}
